{
  "lockfileVersion": 1,
  "workspaces": {
    "": {
      "name": "sveltia-faircamp-multi-backends",
      "dependencies": {
        "@constructions-incongrues/faircamp-cms-config": "^0.3.0",
        "@sveltia/cms": "^0.74.0",
      },
      "devDependencies": {
        "@types/bun": "latest",
      },
    },
  },
  "packages": {
    "@constructions-incongrues/faircamp-cms-collections": ["@constructions-incongrues/faircamp-cms-collections@0.1.0", "", { "dependencies": { "lodash.merge": "^4.6.2", "ts-essentials": "^9.4.2" } }, "sha512-BluObaE5Ygro3uv10T6I9m+LZjWJxZqcQtcrth5Nwj3vHwmrbyQfOn3+PX/h+UvrQc5ftnd9hrFC9RpSR7qz0A=="],

    "@constructions-incongrues/faircamp-cms-config": ["@constructions-incongrues/faircamp-cms-config@0.3.0", "", { "dependencies": { "@constructions-incongrues/faircamp-cms-collections": "^0.1.0" } }, "sha512-eDOkIqvymhDtUhuwwERCJLvFZEjwhIUGnd2KtbJ3cS9Hhu6lJAS3nIkZLLsBy3ZqmD9FvGBYFXOu7aY85RUWjQ=="],

    "@sveltia/cms": ["@sveltia/cms@0.74.0", "", {}, "sha512-tF/MxgIx3hj1nXIAI0fnml30l/wlxxLuCgM5+tkCnd2LsAqNMKCE6LFXOK5XNVGu3oWiDaUwJdDTcvettenRaw=="],

    "@types/bun": ["@types/bun@1.2.12", "", { "dependencies": { "bun-types": "1.2.12" } }, "sha512-lY/GQTXDGsolT/TiH72p1tuyUORuRrdV7VwOTOjDOt8uTBJQOJc5zz3ufwwDl0VBaoxotSk4LdP0hhjLJ6ypIQ=="],

    "@types/node": ["@types/node@22.15.15", "", { "dependencies": { "undici-types": "~6.21.0" } }, "sha512-R5muMcZob3/Jjchn5LcO8jdKwSCbzqmPB6ruBxMcf9kbxtniZHP327s6C37iOfuw8mbKK3cAQa7sEl7afLrQ8A=="],

    "bun-types": ["bun-types@1.2.12", "", { "dependencies": { "@types/node": "*" } }, "sha512-tvWMx5vPqbRXgE8WUZI94iS1xAYs8bkqESR9cxBB1Wi+urvfTrF1uzuDgBHFAdO0+d2lmsbG3HmeKMvUyj6pWA=="],

    "lodash.merge": ["lodash.merge@4.6.2", "", {}, "sha512-0KpjqXRVvrYyCsX1swR/XTK0va6VQkQM6MNo7PqW77ByjAhoARA8EfrP1N4+KlKj8YS0ZUCtRT/YUuhyYDujIQ=="],

    "ts-essentials": ["ts-essentials@9.4.2", "", { "peerDependencies": { "typescript": ">=4.1.0" }, "optionalPeers": ["typescript"] }, "sha512-mB/cDhOvD7pg3YCLk2rOtejHjjdSi9in/IBYE13S+8WA5FBSraYf4V/ws55uvs0IvQ/l0wBOlXy5yBNZ9Bl8ZQ=="],

    "typescript": ["typescript@5.8.3", "", { "bin": { "tsc": "bin/tsc", "tsserver": "bin/tsserver" } }, "sha512-p1diW6TqL9L07nNxvRMM7hMMw4c5XOo/1ibL4aAIGmSAt9slTE1Xgw5KWuof2uTOvCg9BY7ZRi+GaF+7sfgPeQ=="],

    "undici-types": ["undici-types@6.21.0", "", {}, "sha512-iwDZqg0QAGrg9Rav5H4n0M64c3mkR59cJ6wQp+7C4nI0gsmExaedaYLNO44eT4AtBBwjbTiGPMlt2Md0T9H9JQ=="],
  }
}
